// !$*UTF8*$!
{
	archiveVersion = 1;
	classes = {
	};
	objectVersion = 54;
	objects = {

/* Begin PBXBuildFile section */
		00E356F31AD99517003FC87E /* DOORSTEP1Tests.m in Sources */ = {isa = PBXBuildFile; fileRef = 00E356F21AD99517003FC87E /* DOORSTEP1Tests.m */; };
		0B69092B2CC2A2F1C0508014 /* libPods-DOORSTEP1-DOORSTEP1Tests.a in Frameworks */ = {isa = PBXBuildFile; fileRef = 8F4BBF8FB9E6E85752946B52 /* libPods-DOORSTEP1-DOORSTEP1Tests.a */; };
		13B07FBC1A68108700A75B9A /* AppDelegate.m in Sources */ = {isa = PBXBuildFile; fileRef = 13B07FB01A68108700A75B9A /* AppDelegate.m */; };
		13B07FBF1A68108700A75B9A /* Images.xcassets in Resources */ = {isa = PBXBuildFile; fileRef = 13B07FB51A68108700A75B9A /* Images.xcassets */; };
		13B07FC11A68108700A75B9A /* main.m in Sources */ = {isa = PBXBuildFile; fileRef = 13B07FB71A68108700A75B9A /* main.m */; };
		2D0D2680F9814EFBA8B0237A /* SimpleLineIcons.ttf in Resources */ = {isa = PBXBuildFile; fileRef = F36F2E74A8F540489F292E2D /* SimpleLineIcons.ttf */; };
		2D77878BF8824E12A4C6A577 /* EvilIcons.ttf in Resources */ = {isa = PBXBuildFile; fileRef = 8A68751FFF0F4EB5A8B6EBAF /* EvilIcons.ttf */; };
		401974E9B9574E64851C9CC2 /* Zocial.ttf in Resources */ = {isa = PBXBuildFile; fileRef = E78D104C231345719DF7FC19 /* Zocial.ttf */; };
		4639ECA7455543F38E7EC3BD /* MaterialCommunityIcons.ttf in Resources */ = {isa = PBXBuildFile; fileRef = 078CDDD945654292BCA92885 /* MaterialCommunityIcons.ttf */; };
		4B0F0BD682CB4461B5C51301 /* AntDesign.ttf in Resources */ = {isa = PBXBuildFile; fileRef = 16BD0EFA46EE4B139ED0942B /* AntDesign.ttf */; };
		5E2F5BC54462413588D70956 /* FontAwesome5_Brands.ttf in Resources */ = {isa = PBXBuildFile; fileRef = BBAC5F096796402D9859A812 /* FontAwesome5_Brands.ttf */; };
		6050C589AE2440AB84BF3BFC /* Entypo.ttf in Resources */ = {isa = PBXBuildFile; fileRef = BC5B9C5ADF0E44A5B0A346C4 /* Entypo.ttf */; };
		6A7E3418D42F4BE58CC2320C /* Ionicons.ttf in Resources */ = {isa = PBXBuildFile; fileRef = 6FB52733ECB54EED8B758BAA /* Ionicons.ttf */; };
		81AB9BB82411601600AC10FF /* LaunchScreen.storyboard in Resources */ = {isa = PBXBuildFile; fileRef = 81AB9BB72411601600AC10FF /* LaunchScreen.storyboard */; };
		87EA3530EDEB4DD8B42EC417 /* Octicons.ttf in Resources */ = {isa = PBXBuildFile; fileRef = 5B1A82F746CC4A3C90ECD0A4 /* Octicons.ttf */; };
		8D5111AABDA040BC9E2EB84C /* FontAwesome.ttf in Resources */ = {isa = PBXBuildFile; fileRef = ADCB73F0F6D34C72B4DA60EE /* FontAwesome.ttf */; };
		94A0F038679C453FA6C5EF52 /* Fontisto.ttf in Resources */ = {isa = PBXBuildFile; fileRef = AE16E2948F3D4366893F6138 /* Fontisto.ttf */; };
		A5DAAE70545B43BE801DB645 /* FontAwesome5_Regular.ttf in Resources */ = {isa = PBXBuildFile; fileRef = 2AF9FDA4164B45DBA871D804 /* FontAwesome5_Regular.ttf */; };
		AAE837D7E47C439394B7C018 /* Feather.ttf in Resources */ = {isa = PBXBuildFile; fileRef = 7B5E57089A7B40309C6BBFBD /* Feather.ttf */; };
		D04285380ABB4C3C84EF700B /* Foundation.ttf in Resources */ = {isa = PBXBuildFile; fileRef = D92258A6FFD64B269EB3A6A7 /* Foundation.ttf */; };
		D26CB12D7DAC4A139929961C /* MaterialIcons.ttf in Resources */ = {isa = PBXBuildFile; fileRef = 3E2112310C1E4000B8A2FE83 /* MaterialIcons.ttf */; };
		ED3D142E516D57339BC0B874 /* libPods-DOORSTEP1.a in Frameworks */ = {isa = PBXBuildFile; fileRef = 2D424DBC754B040EB61F1EDE /* libPods-DOORSTEP1.a */; };
		EEB093F8CDFC4EDABCDCB8B7 /* FontAwesome5_Solid.ttf in Resources */ = {isa = PBXBuildFile; fileRef = BB3947F1B89341D192DAB880 /* FontAwesome5_Solid.ttf */; };
		FC44AE80F3734DEB8FF42799 /* AntDesign.ttf in Resources */ = {isa = PBXBuildFile; fileRef = 114B52725B3C43EEB1F4A46D /* AntDesign.ttf */; };
		D9546B97F2C74A0BAF30B23D /* Entypo.ttf in Resources */ = {isa = PBXBuildFile; fileRef = FDD782DD0EF640CBB0F031D7 /* Entypo.ttf */; };
		337D599D20C94B4FA3A5558B /* EvilIcons.ttf in Resources */ = {isa = PBXBuildFile; fileRef = 18E5CA03F7DD49D88EC342D5 /* EvilIcons.ttf */; };
		88D54355D22A47D6BEE9406F /* Feather.ttf in Resources */ = {isa = PBXBuildFile; fileRef = 2E4CA30985914D04ABCE5BB6 /* Feather.ttf */; };
		B3444ED4CF284326A3ACE03C /* FontAwesome.ttf in Resources */ = {isa = PBXBuildFile; fileRef = 8286235A3F164158ADBA83EA /* FontAwesome.ttf */; };
		ACE63A8786D14E9FBC89E312 /* FontAwesome5_Brands.ttf in Resources */ = {isa = PBXBuildFile; fileRef = 09BEEB8E21574CB99EA52FDB /* FontAwesome5_Brands.ttf */; };
		F42598E2EB534335BE1EFB55 /* FontAwesome5_Regular.ttf in Resources */ = {isa = PBXBuildFile; fileRef = 9F6D570909CC4F69AA0BE568 /* FontAwesome5_Regular.ttf */; };
		20A112AED68F43EA93C8ECA7 /* FontAwesome5_Solid.ttf in Resources */ = {isa = PBXBuildFile; fileRef = D2DA7EDE01FB43F7B9573077 /* FontAwesome5_Solid.ttf */; };
		D9E7620338374726B0061BDE /* Fontisto.ttf in Resources */ = {isa = PBXBuildFile; fileRef = AB7408391B4F430991884496 /* Fontisto.ttf */; };
		ECD67E610B1C4F06AF31A1BF /* Foundation.ttf in Resources */ = {isa = PBXBuildFile; fileRef = 1811AE685A184F7BA5F10D00 /* Foundation.ttf */; };
		4578FBED2AAA4678AB83DE55 /* Ionicons.ttf in Resources */ = {isa = PBXBuildFile; fileRef = 5941407314334067B285D1B1 /* Ionicons.ttf */; };
		C90F3D7C3EDA487F91D9AA8D /* MaterialCommunityIcons.ttf in Resources */ = {isa = PBXBuildFile; fileRef = 7F8DB9B62DDD40AF8AD4C4BD /* MaterialCommunityIcons.ttf */; };
		8A0923F5BC214F768241C49E /* MaterialIcons.ttf in Resources */ = {isa = PBXBuildFile; fileRef = 937A7AE22F434925A085ECD5 /* MaterialIcons.ttf */; };
		4457FFF4A3B745CC91B9BAB8 /* Octicons.ttf in Resources */ = {isa = PBXBuildFile; fileRef = C872DA1FF03641D4B8C56E9E /* Octicons.ttf */; };
		EBB56D3A172E40539B67C4C6 /* Roboto_medium.ttf in Resources */ = {isa = PBXBuildFile; fileRef = F611BE67549F48D9863E98CC /* Roboto_medium.ttf */; };
		E8DCF8C517C04D34A1DA5D03 /* Roboto.ttf in Resources */ = {isa = PBXBuildFile; fileRef = D71B79FB0DA94CA0A1CCBE2F /* Roboto.ttf */; };
		F5D7B1F5093742829C10AD79 /* rubicon-icon-font.ttf in Resources */ = {isa = PBXBuildFile; fileRef = 9907B651C5974C8EB0D690C2 /* rubicon-icon-font.ttf */; };
		025A86714F2143C8A74BF022 /* SimpleLineIcons.ttf in Resources */ = {isa = PBXBuildFile; fileRef = FFB2604E9A1C41D2BC0A18D9 /* SimpleLineIcons.ttf */; };
		B01F2C6075BC4388800B481A /* Zocial.ttf in Resources */ = {isa = PBXBuildFile; fileRef = 81964564D4FC4C28B447D40E /* Zocial.ttf */; };
/* End PBXBuildFile section */

/* Begin PBXContainerItemProxy section */
		00E356F41AD99517003FC87E /* PBXContainerItemProxy */ = {
			isa = PBXContainerItemProxy;
			containerPortal = 83CBB9F71A601CBA00E9B192 /* Project object */;
			proxyType = 1;
			remoteGlobalIDString = 13B07F861A680F5B00A75B9A;
			remoteInfo = DOORSTEP1;
		};
/* End PBXContainerItemProxy section */

/* Begin PBXFileReference section */
		00E356EE1AD99517003FC87E /* DOORSTEP1Tests.xctest */ = {isa = PBXFileReference; explicitFileType = wrapper.cfbundle; includeInIndex = 0; path = DOORSTEP1Tests.xctest; sourceTree = BUILT_PRODUCTS_DIR; };
		00E356F11AD99517003FC87E /* Info.plist */ = {isa = PBXFileReference; lastKnownFileType = text.plist.xml; path = Info.plist; sourceTree = "<group>"; };
		00E356F21AD99517003FC87E /* DOORSTEP1Tests.m */ = {isa = PBXFileReference; lastKnownFileType = sourcecode.c.objc; path = DOORSTEP1Tests.m; sourceTree = "<group>"; };
		078CDDD945654292BCA92885 /* MaterialCommunityIcons.ttf */ = {isa = PBXFileReference; explicitFileType = undefined; fileEncoding = 9; includeInIndex = 0; lastKnownFileType = unknown; name = MaterialCommunityIcons.ttf; path = "../node_modules/react-native-vector-icons/Fonts/MaterialCommunityIcons.ttf"; sourceTree = "<group>"; };
		13B07F961A680F5B00A75B9A /* DOORSTEP1.app */ = {isa = PBXFileReference; explicitFileType = wrapper.application; includeInIndex = 0; path = DOORSTEP1.app; sourceTree = BUILT_PRODUCTS_DIR; };
		13B07FAF1A68108700A75B9A /* AppDelegate.h */ = {isa = PBXFileReference; fileEncoding = 4; lastKnownFileType = sourcecode.c.h; name = AppDelegate.h; path = DOORSTEP1/AppDelegate.h; sourceTree = "<group>"; };
		13B07FB01A68108700A75B9A /* AppDelegate.m */ = {isa = PBXFileReference; fileEncoding = 4; lastKnownFileType = sourcecode.c.objc; name = AppDelegate.m; path = DOORSTEP1/AppDelegate.m; sourceTree = "<group>"; };
		13B07FB51A68108700A75B9A /* Images.xcassets */ = {isa = PBXFileReference; lastKnownFileType = folder.assetcatalog; name = Images.xcassets; path = DOORSTEP1/Images.xcassets; sourceTree = "<group>"; };
		13B07FB61A68108700A75B9A /* Info.plist */ = {isa = PBXFileReference; fileEncoding = 4; lastKnownFileType = text.plist.xml; name = Info.plist; path = DOORSTEP1/Info.plist; sourceTree = "<group>"; };
		13B07FB71A68108700A75B9A /* main.m */ = {isa = PBXFileReference; fileEncoding = 4; lastKnownFileType = sourcecode.c.objc; name = main.m; path = DOORSTEP1/main.m; sourceTree = "<group>"; };
		16BD0EFA46EE4B139ED0942B /* AntDesign.ttf */ = {isa = PBXFileReference; explicitFileType = undefined; fileEncoding = 9; includeInIndex = 0; lastKnownFileType = unknown; name = AntDesign.ttf; path = "../node_modules/react-native-vector-icons/Fonts/AntDesign.ttf"; sourceTree = "<group>"; };
		2AF9FDA4164B45DBA871D804 /* FontAwesome5_Regular.ttf */ = {isa = PBXFileReference; explicitFileType = undefined; fileEncoding = 9; includeInIndex = 0; lastKnownFileType = unknown; name = FontAwesome5_Regular.ttf; path = "../node_modules/react-native-vector-icons/Fonts/FontAwesome5_Regular.ttf"; sourceTree = "<group>"; };
		2D424DBC754B040EB61F1EDE /* libPods-DOORSTEP1.a */ = {isa = PBXFileReference; explicitFileType = archive.ar; includeInIndex = 0; path = "libPods-DOORSTEP1.a"; sourceTree = BUILT_PRODUCTS_DIR; };
		3E2112310C1E4000B8A2FE83 /* MaterialIcons.ttf */ = {isa = PBXFileReference; explicitFileType = undefined; fileEncoding = 9; includeInIndex = 0; lastKnownFileType = unknown; name = MaterialIcons.ttf; path = "../node_modules/react-native-vector-icons/Fonts/MaterialIcons.ttf"; sourceTree = "<group>"; };
		52306FA8F1FC2E2FD78FFB39 /* Pods-DOORSTEP1.debug.xcconfig */ = {isa = PBXFileReference; includeInIndex = 1; lastKnownFileType = text.xcconfig; name = "Pods-DOORSTEP1.debug.xcconfig"; path = "Target Support Files/Pods-DOORSTEP1/Pods-DOORSTEP1.debug.xcconfig"; sourceTree = "<group>"; };
		5B1A82F746CC4A3C90ECD0A4 /* Octicons.ttf */ = {isa = PBXFileReference; explicitFileType = undefined; fileEncoding = 9; includeInIndex = 0; lastKnownFileType = unknown; name = Octicons.ttf; path = "../node_modules/react-native-vector-icons/Fonts/Octicons.ttf"; sourceTree = "<group>"; };
		6FB52733ECB54EED8B758BAA /* Ionicons.ttf */ = {isa = PBXFileReference; explicitFileType = undefined; fileEncoding = 9; includeInIndex = 0; lastKnownFileType = unknown; name = Ionicons.ttf; path = "../node_modules/react-native-vector-icons/Fonts/Ionicons.ttf"; sourceTree = "<group>"; };
		7B5E57089A7B40309C6BBFBD /* Feather.ttf */ = {isa = PBXFileReference; explicitFileType = undefined; fileEncoding = 9; includeInIndex = 0; lastKnownFileType = unknown; name = Feather.ttf; path = "../node_modules/react-native-vector-icons/Fonts/Feather.ttf"; sourceTree = "<group>"; };
		81AB9BB72411601600AC10FF /* LaunchScreen.storyboard */ = {isa = PBXFileReference; fileEncoding = 4; lastKnownFileType = file.storyboard; name = LaunchScreen.storyboard; path = DOORSTEP1/LaunchScreen.storyboard; sourceTree = "<group>"; };
		8A68751FFF0F4EB5A8B6EBAF /* EvilIcons.ttf */ = {isa = PBXFileReference; explicitFileType = undefined; fileEncoding = 9; includeInIndex = 0; lastKnownFileType = unknown; name = EvilIcons.ttf; path = "../node_modules/react-native-vector-icons/Fonts/EvilIcons.ttf"; sourceTree = "<group>"; };
		8F4BBF8FB9E6E85752946B52 /* libPods-DOORSTEP1-DOORSTEP1Tests.a */ = {isa = PBXFileReference; explicitFileType = archive.ar; includeInIndex = 0; path = "libPods-DOORSTEP1-DOORSTEP1Tests.a"; sourceTree = BUILT_PRODUCTS_DIR; };
		ADCB73F0F6D34C72B4DA60EE /* FontAwesome.ttf */ = {isa = PBXFileReference; explicitFileType = undefined; fileEncoding = 9; includeInIndex = 0; lastKnownFileType = unknown; name = FontAwesome.ttf; path = "../node_modules/react-native-vector-icons/Fonts/FontAwesome.ttf"; sourceTree = "<group>"; };
		AE16E2948F3D4366893F6138 /* Fontisto.ttf */ = {isa = PBXFileReference; explicitFileType = undefined; fileEncoding = 9; includeInIndex = 0; lastKnownFileType = unknown; name = Fontisto.ttf; path = "../node_modules/react-native-vector-icons/Fonts/Fontisto.ttf"; sourceTree = "<group>"; };
		BB3947F1B89341D192DAB880 /* FontAwesome5_Solid.ttf */ = {isa = PBXFileReference; explicitFileType = undefined; fileEncoding = 9; includeInIndex = 0; lastKnownFileType = unknown; name = FontAwesome5_Solid.ttf; path = "../node_modules/react-native-vector-icons/Fonts/FontAwesome5_Solid.ttf"; sourceTree = "<group>"; };
		BBAC5F096796402D9859A812 /* FontAwesome5_Brands.ttf */ = {isa = PBXFileReference; explicitFileType = undefined; fileEncoding = 9; includeInIndex = 0; lastKnownFileType = unknown; name = FontAwesome5_Brands.ttf; path = "../node_modules/react-native-vector-icons/Fonts/FontAwesome5_Brands.ttf"; sourceTree = "<group>"; };
		BC5B9C5ADF0E44A5B0A346C4 /* Entypo.ttf */ = {isa = PBXFileReference; explicitFileType = undefined; fileEncoding = 9; includeInIndex = 0; lastKnownFileType = unknown; name = Entypo.ttf; path = "../node_modules/react-native-vector-icons/Fonts/Entypo.ttf"; sourceTree = "<group>"; };
		D3039435564E2CE09DC47B81 /* Pods-DOORSTEP1-DOORSTEP1Tests.release.xcconfig */ = {isa = PBXFileReference; includeInIndex = 1; lastKnownFileType = text.xcconfig; name = "Pods-DOORSTEP1-DOORSTEP1Tests.release.xcconfig"; path = "Target Support Files/Pods-DOORSTEP1-DOORSTEP1Tests/Pods-DOORSTEP1-DOORSTEP1Tests.release.xcconfig"; sourceTree = "<group>"; };
		D6A505D18225A2171B103FDA /* Pods-DOORSTEP1.release.xcconfig */ = {isa = PBXFileReference; includeInIndex = 1; lastKnownFileType = text.xcconfig; name = "Pods-DOORSTEP1.release.xcconfig"; path = "Target Support Files/Pods-DOORSTEP1/Pods-DOORSTEP1.release.xcconfig"; sourceTree = "<group>"; };
		D92258A6FFD64B269EB3A6A7 /* Foundation.ttf */ = {isa = PBXFileReference; explicitFileType = undefined; fileEncoding = 9; includeInIndex = 0; lastKnownFileType = unknown; name = Foundation.ttf; path = "../node_modules/react-native-vector-icons/Fonts/Foundation.ttf"; sourceTree = "<group>"; };
		E78D104C231345719DF7FC19 /* Zocial.ttf */ = {isa = PBXFileReference; explicitFileType = undefined; fileEncoding = 9; includeInIndex = 0; lastKnownFileType = unknown; name = Zocial.ttf; path = "../node_modules/react-native-vector-icons/Fonts/Zocial.ttf"; sourceTree = "<group>"; };
		ED297162215061F000B7C4FE /* JavaScriptCore.framework */ = {isa = PBXFileReference; lastKnownFileType = wrapper.framework; name = JavaScriptCore.framework; path = System/Library/Frameworks/JavaScriptCore.framework; sourceTree = SDKROOT; };
		F36F2E74A8F540489F292E2D /* SimpleLineIcons.ttf */ = {isa = PBXFileReference; explicitFileType = undefined; fileEncoding = 9; includeInIndex = 0; lastKnownFileType = unknown; name = SimpleLineIcons.ttf; path = "../node_modules/react-native-vector-icons/Fonts/SimpleLineIcons.ttf"; sourceTree = "<group>"; };
		FD8C5E5EA940092FE02789A8 /* Pods-DOORSTEP1-DOORSTEP1Tests.debug.xcconfig */ = {isa = PBXFileReference; includeInIndex = 1; lastKnownFileType = text.xcconfig; name = "Pods-DOORSTEP1-DOORSTEP1Tests.debug.xcconfig"; path = "Target Support Files/Pods-DOORSTEP1-DOORSTEP1Tests/Pods-DOORSTEP1-DOORSTEP1Tests.debug.xcconfig"; sourceTree = "<group>"; };
		114B52725B3C43EEB1F4A46D /* AntDesign.ttf */ = {isa = PBXFileReference; name = "AntDesign.ttf"; path = "../node_modules/native-base/Fonts/AntDesign.ttf"; sourceTree = "<group>"; fileEncoding = undefined; lastKnownFileType = unknown; explicitFileType = undefined; includeInIndex = 0; };
		FDD782DD0EF640CBB0F031D7 /* Entypo.ttf */ = {isa = PBXFileReference; name = "Entypo.ttf"; path = "../node_modules/native-base/Fonts/Entypo.ttf"; sourceTree = "<group>"; fileEncoding = undefined; lastKnownFileType = unknown; explicitFileType = undefined; includeInIndex = 0; };
		18E5CA03F7DD49D88EC342D5 /* EvilIcons.ttf */ = {isa = PBXFileReference; name = "EvilIcons.ttf"; path = "../node_modules/native-base/Fonts/EvilIcons.ttf"; sourceTree = "<group>"; fileEncoding = undefined; lastKnownFileType = unknown; explicitFileType = undefined; includeInIndex = 0; };
		2E4CA30985914D04ABCE5BB6 /* Feather.ttf */ = {isa = PBXFileReference; name = "Feather.ttf"; path = "../node_modules/native-base/Fonts/Feather.ttf"; sourceTree = "<group>"; fileEncoding = undefined; lastKnownFileType = unknown; explicitFileType = undefined; includeInIndex = 0; };
		8286235A3F164158ADBA83EA /* FontAwesome.ttf */ = {isa = PBXFileReference; name = "FontAwesome.ttf"; path = "../node_modules/native-base/Fonts/FontAwesome.ttf"; sourceTree = "<group>"; fileEncoding = undefined; lastKnownFileType = unknown; explicitFileType = undefined; includeInIndex = 0; };
		09BEEB8E21574CB99EA52FDB /* FontAwesome5_Brands.ttf */ = {isa = PBXFileReference; name = "FontAwesome5_Brands.ttf"; path = "../node_modules/native-base/Fonts/FontAwesome5_Brands.ttf"; sourceTree = "<group>"; fileEncoding = undefined; lastKnownFileType = unknown; explicitFileType = undefined; includeInIndex = 0; };
		9F6D570909CC4F69AA0BE568 /* FontAwesome5_Regular.ttf */ = {isa = PBXFileReference; name = "FontAwesome5_Regular.ttf"; path = "../node_modules/native-base/Fonts/FontAwesome5_Regular.ttf"; sourceTree = "<group>"; fileEncoding = undefined; lastKnownFileType = unknown; explicitFileType = undefined; includeInIndex = 0; };
		D2DA7EDE01FB43F7B9573077 /* FontAwesome5_Solid.ttf */ = {isa = PBXFileReference; name = "FontAwesome5_Solid.ttf"; path = "../node_modules/native-base/Fonts/FontAwesome5_Solid.ttf"; sourceTree = "<group>"; fileEncoding = undefined; lastKnownFileType = unknown; explicitFileType = undefined; includeInIndex = 0; };
		AB7408391B4F430991884496 /* Fontisto.ttf */ = {isa = PBXFileReference; name = "Fontisto.ttf"; path = "../node_modules/native-base/Fonts/Fontisto.ttf"; sourceTree = "<group>"; fileEncoding = undefined; lastKnownFileType = unknown; explicitFileType = undefined; includeInIndex = 0; };
		1811AE685A184F7BA5F10D00 /* Foundation.ttf */ = {isa = PBXFileReference; name = "Foundation.ttf"; path = "../node_modules/native-base/Fonts/Foundation.ttf"; sourceTree = "<group>"; fileEncoding = undefined; lastKnownFileType = unknown; explicitFileType = undefined; includeInIndex = 0; };
		5941407314334067B285D1B1 /* Ionicons.ttf */ = {isa = PBXFileReference; name = "Ionicons.ttf"; path = "../node_modules/native-base/Fonts/Ionicons.ttf"; sourceTree = "<group>"; fileEncoding = undefined; lastKnownFileType = unknown; explicitFileType = undefined; includeInIndex = 0; };
		7F8DB9B62DDD40AF8AD4C4BD /* MaterialCommunityIcons.ttf */ = {isa = PBXFileReference; name = "MaterialCommunityIcons.ttf"; path = "../node_modules/native-base/Fonts/MaterialCommunityIcons.ttf"; sourceTree = "<group>"; fileEncoding = undefined; lastKnownFileType = unknown; explicitFileType = undefined; includeInIndex = 0; };
		937A7AE22F434925A085ECD5 /* MaterialIcons.ttf */ = {isa = PBXFileReference; name = "MaterialIcons.ttf"; path = "../node_modules/native-base/Fonts/MaterialIcons.ttf"; sourceTree = "<group>"; fileEncoding = undefined; lastKnownFileType = unknown; explicitFileType = undefined; includeInIndex = 0; };
		C872DA1FF03641D4B8C56E9E /* Octicons.ttf */ = {isa = PBXFileReference; name = "Octicons.ttf"; path = "../node_modules/native-base/Fonts/Octicons.ttf"; sourceTree = "<group>"; fileEncoding = undefined; lastKnownFileType = unknown; explicitFileType = undefined; includeInIndex = 0; };
		F611BE67549F48D9863E98CC /* Roboto_medium.ttf */ = {isa = PBXFileReference; name = "Roboto_medium.ttf"; path = "../node_modules/native-base/Fonts/Roboto_medium.ttf"; sourceTree = "<group>"; fileEncoding = undefined; lastKnownFileType = unknown; explicitFileType = undefined; includeInIndex = 0; };
		D71B79FB0DA94CA0A1CCBE2F /* Roboto.ttf */ = {isa = PBXFileReference; name = "Roboto.ttf"; path = "../node_modules/native-base/Fonts/Roboto.ttf"; sourceTree = "<group>"; fileEncoding = undefined; lastKnownFileType = unknown; explicitFileType = undefined; includeInIndex = 0; };
		9907B651C5974C8EB0D690C2 /* rubicon-icon-font.ttf */ = {isa = PBXFileReference; name = "rubicon-icon-font.ttf"; path = "../node_modules/native-base/Fonts/rubicon-icon-font.ttf"; sourceTree = "<group>"; fileEncoding = undefined; lastKnownFileType = unknown; explicitFileType = undefined; includeInIndex = 0; };
		FFB2604E9A1C41D2BC0A18D9 /* SimpleLineIcons.ttf */ = {isa = PBXFileReference; name = "SimpleLineIcons.ttf"; path = "../node_modules/native-base/Fonts/SimpleLineIcons.ttf"; sourceTree = "<group>"; fileEncoding = undefined; lastKnownFileType = unknown; explicitFileType = undefined; includeInIndex = 0; };
		81964564D4FC4C28B447D40E /* Zocial.ttf */ = {isa = PBXFileReference; name = "Zocial.ttf"; path = "../node_modules/native-base/Fonts/Zocial.ttf"; sourceTree = "<group>"; fileEncoding = undefined; lastKnownFileType = unknown; explicitFileType = undefined; includeInIndex = 0; };
/* End PBXFileReference section */

/* Begin PBXFrameworksBuildPhase section */
		00E356EB1AD99517003FC87E /* Frameworks */ = {
			isa = PBXFrameworksBuildPhase;
			buildActionMask = 2147483647;
			files = (
				0B69092B2CC2A2F1C0508014 /* libPods-DOORSTEP1-DOORSTEP1Tests.a in Frameworks */,
			);
			runOnlyForDeploymentPostprocessing = 0;
		};
		13B07F8C1A680F5B00A75B9A /* Frameworks */ = {
			isa = PBXFrameworksBuildPhase;
			buildActionMask = 2147483647;
			files = (
				ED3D142E516D57339BC0B874 /* libPods-DOORSTEP1.a in Frameworks */,
			);
			runOnlyForDeploymentPostprocessing = 0;
		};
/* End PBXFrameworksBuildPhase section */

/* Begin PBXGroup section */
		00E356EF1AD99517003FC87E /* DOORSTEP1Tests */ = {
			isa = PBXGroup;
			children = (
				00E356F21AD99517003FC87E /* DOORSTEP1Tests.m */,
				00E356F01AD99517003FC87E /* Supporting Files */,
			);
			path = DOORSTEP1Tests;
			sourceTree = "<group>";
		};
		00E356F01AD99517003FC87E /* Supporting Files */ = {
			isa = PBXGroup;
			children = (
				00E356F11AD99517003FC87E /* Info.plist */,
			);
			name = "Supporting Files";
			sourceTree = "<group>";
		};
		13B07FAE1A68108700A75B9A /* DOORSTEP1 */ = {
			isa = PBXGroup;
			children = (
				13B07FAF1A68108700A75B9A /* AppDelegate.h */,
				13B07FB01A68108700A75B9A /* AppDelegate.m */,
				13B07FB51A68108700A75B9A /* Images.xcassets */,
				13B07FB61A68108700A75B9A /* Info.plist */,
				81AB9BB72411601600AC10FF /* LaunchScreen.storyboard */,
				13B07FB71A68108700A75B9A /* main.m */,
			);
			name = DOORSTEP1;
			sourceTree = "<group>";
		};
		2D16E6871FA4F8E400B85C8A /* Frameworks */ = {
			isa = PBXGroup;
			children = (
				ED297162215061F000B7C4FE /* JavaScriptCore.framework */,
				2D424DBC754B040EB61F1EDE /* libPods-DOORSTEP1.a */,
				8F4BBF8FB9E6E85752946B52 /* libPods-DOORSTEP1-DOORSTEP1Tests.a */,
			);
			name = Frameworks;
			sourceTree = "<group>";
		};
		747FBB3528F446689DF69E82 /* Resources */ = {
			isa = PBXGroup;
			children = (
				16BD0EFA46EE4B139ED0942B /* AntDesign.ttf */,
				BC5B9C5ADF0E44A5B0A346C4 /* Entypo.ttf */,
				8A68751FFF0F4EB5A8B6EBAF /* EvilIcons.ttf */,
				7B5E57089A7B40309C6BBFBD /* Feather.ttf */,
				ADCB73F0F6D34C72B4DA60EE /* FontAwesome.ttf */,
				BBAC5F096796402D9859A812 /* FontAwesome5_Brands.ttf */,
				2AF9FDA4164B45DBA871D804 /* FontAwesome5_Regular.ttf */,
				BB3947F1B89341D192DAB880 /* FontAwesome5_Solid.ttf */,
				AE16E2948F3D4366893F6138 /* Fontisto.ttf */,
				D92258A6FFD64B269EB3A6A7 /* Foundation.ttf */,
				6FB52733ECB54EED8B758BAA /* Ionicons.ttf */,
				078CDDD945654292BCA92885 /* MaterialCommunityIcons.ttf */,
				3E2112310C1E4000B8A2FE83 /* MaterialIcons.ttf */,
				5B1A82F746CC4A3C90ECD0A4 /* Octicons.ttf */,
				F36F2E74A8F540489F292E2D /* SimpleLineIcons.ttf */,
				E78D104C231345719DF7FC19 /* Zocial.ttf */,
				114B52725B3C43EEB1F4A46D /* AntDesign.ttf */,
				FDD782DD0EF640CBB0F031D7 /* Entypo.ttf */,
				18E5CA03F7DD49D88EC342D5 /* EvilIcons.ttf */,
				2E4CA30985914D04ABCE5BB6 /* Feather.ttf */,
				8286235A3F164158ADBA83EA /* FontAwesome.ttf */,
				09BEEB8E21574CB99EA52FDB /* FontAwesome5_Brands.ttf */,
				9F6D570909CC4F69AA0BE568 /* FontAwesome5_Regular.ttf */,
				D2DA7EDE01FB43F7B9573077 /* FontAwesome5_Solid.ttf */,
				AB7408391B4F430991884496 /* Fontisto.ttf */,
				1811AE685A184F7BA5F10D00 /* Foundation.ttf */,
				5941407314334067B285D1B1 /* Ionicons.ttf */,
				7F8DB9B62DDD40AF8AD4C4BD /* MaterialCommunityIcons.ttf */,
				937A7AE22F434925A085ECD5 /* MaterialIcons.ttf */,
				C872DA1FF03641D4B8C56E9E /* Octicons.ttf */,
				F611BE67549F48D9863E98CC /* Roboto_medium.ttf */,
				D71B79FB0DA94CA0A1CCBE2F /* Roboto.ttf */,
				9907B651C5974C8EB0D690C2 /* rubicon-icon-font.ttf */,
				FFB2604E9A1C41D2BC0A18D9 /* SimpleLineIcons.ttf */,
				81964564D4FC4C28B447D40E /* Zocial.ttf */,
			);
			name = Resources;
			sourceTree = "<group>";
		};
		832341AE1AAA6A7D00B99B32 /* Libraries */ = {
			isa = PBXGroup;
			children = (
			);
			name = Libraries;
			sourceTree = "<group>";
		};
		83CBB9F61A601CBA00E9B192 = {
			isa = PBXGroup;
			children = (
				13B07FAE1A68108700A75B9A /* DOORSTEP1 */,
				832341AE1AAA6A7D00B99B32 /* Libraries */,
				00E356EF1AD99517003FC87E /* DOORSTEP1Tests */,
				83CBBA001A601CBA00E9B192 /* Products */,
				2D16E6871FA4F8E400B85C8A /* Frameworks */,
				A88A6E7031BBDDF9A23C50AA /* Pods */,
				747FBB3528F446689DF69E82 /* Resources */,
			);
			indentWidth = 2;
			sourceTree = "<group>";
			tabWidth = 2;
			usesTabs = 0;
		};
		83CBBA001A601CBA00E9B192 /* Products */ = {
			isa = PBXGroup;
			children = (
				13B07F961A680F5B00A75B9A /* DOORSTEP1.app */,
				00E356EE1AD99517003FC87E /* DOORSTEP1Tests.xctest */,
			);
			name = Products;
			sourceTree = "<group>";
		};
		A88A6E7031BBDDF9A23C50AA /* Pods */ = {
			isa = PBXGroup;
			children = (
				52306FA8F1FC2E2FD78FFB39 /* Pods-DOORSTEP1.debug.xcconfig */,
				D6A505D18225A2171B103FDA /* Pods-DOORSTEP1.release.xcconfig */,
				FD8C5E5EA940092FE02789A8 /* Pods-DOORSTEP1-DOORSTEP1Tests.debug.xcconfig */,
				D3039435564E2CE09DC47B81 /* Pods-DOORSTEP1-DOORSTEP1Tests.release.xcconfig */,
			);
			path = Pods;
			sourceTree = "<group>";
		};
/* End PBXGroup section */

/* Begin PBXNativeTarget section */
		00E356ED1AD99517003FC87E /* DOORSTEP1Tests */ = {
			isa = PBXNativeTarget;
			buildConfigurationList = 00E357021AD99517003FC87E /* Build configuration list for PBXNativeTarget "DOORSTEP1Tests" */;
			buildPhases = (
				121F9BAFDD008DFAE3C3EB9B /* [CP] Check Pods Manifest.lock */,
				00E356EA1AD99517003FC87E /* Sources */,
				00E356EB1AD99517003FC87E /* Frameworks */,
				00E356EC1AD99517003FC87E /* Resources */,
				03F838EB59709D98ED4121E5 /* [CP] Embed Pods Frameworks */,
				C6D1EB114BABCB82981A33C0 /* [CP] Copy Pods Resources */,
			);
			buildRules = (
			);
			dependencies = (
				00E356F51AD99517003FC87E /* PBXTargetDependency */,
			);
			name = DOORSTEP1Tests;
			productName = DOORSTEP1Tests;
			productReference = 00E356EE1AD99517003FC87E /* DOORSTEP1Tests.xctest */;
			productType = "com.apple.product-type.bundle.unit-test";
		};
		13B07F861A680F5B00A75B9A /* DOORSTEP1 */ = {
			isa = PBXNativeTarget;
			buildConfigurationList = 13B07F931A680F5B00A75B9A /* Build configuration list for PBXNativeTarget "DOORSTEP1" */;
			buildPhases = (
				E1AF6E37DA3DE17A1E07C026 /* [CP] Check Pods Manifest.lock */,
				FD10A7F022414F080027D42C /* Start Packager */,
				13B07F871A680F5B00A75B9A /* Sources */,
				13B07F8C1A680F5B00A75B9A /* Frameworks */,
				13B07F8E1A680F5B00A75B9A /* Resources */,
				00DD1BFF1BD5951E006B06BC /* Bundle React Native code and images */,
				D7F62D9005356CFD8CF30849 /* [CP] Embed Pods Frameworks */,
			);
			buildRules = (
			);
			dependencies = (
			);
			name = DOORSTEP1;
			productName = DOORSTEP1;
			productReference = 13B07F961A680F5B00A75B9A /* DOORSTEP1.app */;
			productType = "com.apple.product-type.application";
		};
/* End PBXNativeTarget section */

/* Begin PBXProject section */
		83CBB9F71A601CBA00E9B192 /* Project object */ = {
			isa = PBXProject;
			attributes = {
				LastUpgradeCheck = 1210;
				TargetAttributes = {
					00E356ED1AD99517003FC87E = {
						CreatedOnToolsVersion = 6.2;
						TestTargetID = 13B07F861A680F5B00A75B9A;
					};
					13B07F861A680F5B00A75B9A = {
						LastSwiftMigration = 1120;
					};
				};
			};
			buildConfigurationList = 83CBB9FA1A601CBA00E9B192 /* Build configuration list for PBXProject "DOORSTEP1" */;
			compatibilityVersion = "Xcode 12.0";
			developmentRegion = en;
			hasScannedForEncodings = 0;
			knownRegions = (
				en,
				Base,
			);
			mainGroup = 83CBB9F61A601CBA00E9B192;
			productRefGroup = 83CBBA001A601CBA00E9B192 /* Products */;
			projectDirPath = "";
			projectRoot = "";
			targets = (
				13B07F861A680F5B00A75B9A /* DOORSTEP1 */,
				00E356ED1AD99517003FC87E /* DOORSTEP1Tests */,
			);
		};
/* End PBXProject section */

/* Begin PBXResourcesBuildPhase section */
		00E356EC1AD99517003FC87E /* Resources */ = {
			isa = PBXResourcesBuildPhase;
			buildActionMask = 2147483647;
			files = (
			);
			runOnlyForDeploymentPostprocessing = 0;
		};
		13B07F8E1A680F5B00A75B9A /* Resources */ = {
			isa = PBXResourcesBuildPhase;
			buildActionMask = 2147483647;
			files = (
				81AB9BB82411601600AC10FF /* LaunchScreen.storyboard in Resources */,
				13B07FBF1A68108700A75B9A /* Images.xcassets in Resources */,
				4B0F0BD682CB4461B5C51301 /* AntDesign.ttf in Resources */,
				6050C589AE2440AB84BF3BFC /* Entypo.ttf in Resources */,
				2D77878BF8824E12A4C6A577 /* EvilIcons.ttf in Resources */,
				AAE837D7E47C439394B7C018 /* Feather.ttf in Resources */,
				8D5111AABDA040BC9E2EB84C /* FontAwesome.ttf in Resources */,
				5E2F5BC54462413588D70956 /* FontAwesome5_Brands.ttf in Resources */,
				A5DAAE70545B43BE801DB645 /* FontAwesome5_Regular.ttf in Resources */,
				EEB093F8CDFC4EDABCDCB8B7 /* FontAwesome5_Solid.ttf in Resources */,
				94A0F038679C453FA6C5EF52 /* Fontisto.ttf in Resources */,
				D04285380ABB4C3C84EF700B /* Foundation.ttf in Resources */,
				6A7E3418D42F4BE58CC2320C /* Ionicons.ttf in Resources */,
				4639ECA7455543F38E7EC3BD /* MaterialCommunityIcons.ttf in Resources */,
				D26CB12D7DAC4A139929961C /* MaterialIcons.ttf in Resources */,
				87EA3530EDEB4DD8B42EC417 /* Octicons.ttf in Resources */,
				2D0D2680F9814EFBA8B0237A /* SimpleLineIcons.ttf in Resources */,
				401974E9B9574E64851C9CC2 /* Zocial.ttf in Resources */,
				FC44AE80F3734DEB8FF42799 /* AntDesign.ttf in Resources */,
				D9546B97F2C74A0BAF30B23D /* Entypo.ttf in Resources */,
				337D599D20C94B4FA3A5558B /* EvilIcons.ttf in Resources */,
				88D54355D22A47D6BEE9406F /* Feather.ttf in Resources */,
				B3444ED4CF284326A3ACE03C /* FontAwesome.ttf in Resources */,
				ACE63A8786D14E9FBC89E312 /* FontAwesome5_Brands.ttf in Resources */,
				F42598E2EB534335BE1EFB55 /* FontAwesome5_Regular.ttf in Resources */,
				20A112AED68F43EA93C8ECA7 /* FontAwesome5_Solid.ttf in Resources */,
				D9E7620338374726B0061BDE /* Fontisto.ttf in Resources */,
				ECD67E610B1C4F06AF31A1BF /* Foundation.ttf in Resources */,
				4578FBED2AAA4678AB83DE55 /* Ionicons.ttf in Resources */,
				C90F3D7C3EDA487F91D9AA8D /* MaterialCommunityIcons.ttf in Resources */,
				8A0923F5BC214F768241C49E /* MaterialIcons.ttf in Resources */,
				4457FFF4A3B745CC91B9BAB8 /* Octicons.ttf in Resources */,
				EBB56D3A172E40539B67C4C6 /* Roboto_medium.ttf in Resources */,
				E8DCF8C517C04D34A1DA5D03 /* Roboto.ttf in Resources */,
				F5D7B1F5093742829C10AD79 /* rubicon-icon-font.ttf in Resources */,
				025A86714F2143C8A74BF022 /* SimpleLineIcons.ttf in Resources */,
				B01F2C6075BC4388800B481A /* Zocial.ttf in Resources */,
			);
			runOnlyForDeploymentPostprocessing = 0;
		};
/* End PBXResourcesBuildPhase section */

/* Begin PBXShellScriptBuildPhase section */
		00DD1BFF1BD5951E006B06BC /* Bundle React Native code and images */ = {
			isa = PBXShellScriptBuildPhase;
			buildActionMask = 2147483647;
			files = (
			);
			inputPaths = (
			);
			name = "Bundle React Native code and images";
			outputPaths = (
			);
			runOnlyForDeploymentPostprocessing = 0;
			shellPath = /bin/sh;
			shellScript = "set -e\n\nexport NODE_BINARY=node\n../node_modules/react-native/scripts/react-native-xcode.sh\n";
		};
		03F838EB59709D98ED4121E5 /* [CP] Embed Pods Frameworks */ = {
			isa = PBXShellScriptBuildPhase;
			buildActionMask = 2147483647;
			files = (
			);
			inputFileListPaths = (
				"${PODS_ROOT}/Target Support Files/Pods-DOORSTEP1-DOORSTEP1Tests/Pods-DOORSTEP1-DOORSTEP1Tests-frameworks-${CONFIGURATION}-input-files.xcfilelist",
			);
			name = "[CP] Embed Pods Frameworks";
			outputFileListPaths = (
				"${PODS_ROOT}/Target Support Files/Pods-DOORSTEP1-DOORSTEP1Tests/Pods-DOORSTEP1-DOORSTEP1Tests-frameworks-${CONFIGURATION}-output-files.xcfilelist",
			);
			runOnlyForDeploymentPostprocessing = 0;
			shellPath = /bin/sh;
			shellScript = "\"${PODS_ROOT}/Target Support Files/Pods-DOORSTEP1-DOORSTEP1Tests/Pods-DOORSTEP1-DOORSTEP1Tests-frameworks.sh\"\n";
			showEnvVarsInLog = 0;
		};
		121F9BAFDD008DFAE3C3EB9B /* [CP] Check Pods Manifest.lock */ = {
			isa = PBXShellScriptBuildPhase;
			buildActionMask = 2147483647;
			files = (
			);
			inputFileListPaths = (
			);
			inputPaths = (
				"${PODS_PODFILE_DIR_PATH}/Podfile.lock",
				"${PODS_ROOT}/Manifest.lock",
			);
			name = "[CP] Check Pods Manifest.lock";
			outputFileListPaths = (
			);
			outputPaths = (
				"$(DERIVED_FILE_DIR)/Pods-DOORSTEP1-DOORSTEP1Tests-checkManifestLockResult.txt",
			);
			runOnlyForDeploymentPostprocessing = 0;
			shellPath = /bin/sh;
			shellScript = "diff \"${PODS_PODFILE_DIR_PATH}/Podfile.lock\" \"${PODS_ROOT}/Manifest.lock\" > /dev/null\nif [ $? != 0 ] ; then\n    # print error to STDERR\n    echo \"error: The sandbox is not in sync with the Podfile.lock. Run 'pod install' or update your CocoaPods installation.\" >&2\n    exit 1\nfi\n# This output is used by Xcode 'outputs' to avoid re-running this script phase.\necho \"SUCCESS\" > \"${SCRIPT_OUTPUT_FILE_0}\"\n";
			showEnvVarsInLog = 0;
		};
		C6D1EB114BABCB82981A33C0 /* [CP] Copy Pods Resources */ = {
			isa = PBXShellScriptBuildPhase;
			buildActionMask = 2147483647;
			files = (
			);
			inputFileListPaths = (
				"${PODS_ROOT}/Target Support Files/Pods-DOORSTEP1-DOORSTEP1Tests/Pods-DOORSTEP1-DOORSTEP1Tests-resources-${CONFIGURATION}-input-files.xcfilelist",
			);
			name = "[CP] Copy Pods Resources";
			outputFileListPaths = (
				"${PODS_ROOT}/Target Support Files/Pods-DOORSTEP1-DOORSTEP1Tests/Pods-DOORSTEP1-DOORSTEP1Tests-resources-${CONFIGURATION}-output-files.xcfilelist",
			);
			runOnlyForDeploymentPostprocessing = 0;
			shellPath = /bin/sh;
			shellScript = "\"${PODS_ROOT}/Target Support Files/Pods-DOORSTEP1-DOORSTEP1Tests/Pods-DOORSTEP1-DOORSTEP1Tests-resources.sh\"\n";
			showEnvVarsInLog = 0;
		};
		D7F62D9005356CFD8CF30849 /* [CP] Embed Pods Frameworks */ = {
			isa = PBXShellScriptBuildPhase;
			buildActionMask = 2147483647;
			files = (
			);
			inputFileListPaths = (
				"${PODS_ROOT}/Target Support Files/Pods-DOORSTEP1/Pods-DOORSTEP1-frameworks-${CONFIGURATION}-input-files.xcfilelist",
			);
			name = "[CP] Embed Pods Frameworks";
			outputFileListPaths = (
				"${PODS_ROOT}/Target Support Files/Pods-DOORSTEP1/Pods-DOORSTEP1-frameworks-${CONFIGURATION}-output-files.xcfilelist",
			);
			runOnlyForDeploymentPostprocessing = 0;
			shellPath = /bin/sh;
			shellScript = "\"${PODS_ROOT}/Target Support Files/Pods-DOORSTEP1/Pods-DOORSTEP1-frameworks.sh\"\n";
			showEnvVarsInLog = 0;
		};
		E1AF6E37DA3DE17A1E07C026 /* [CP] Check Pods Manifest.lock */ = {
			isa = PBXShellScriptBuildPhase;
			buildActionMask = 2147483647;
			files = (
			);
			inputFileListPaths = (
			);
			inputPaths = (
				"${PODS_PODFILE_DIR_PATH}/Podfile.lock",
				"${PODS_ROOT}/Manifest.lock",
			);
			name = "[CP] Check Pods Manifest.lock";
			outputFileListPaths = (
			);
			outputPaths = (
				"$(DERIVED_FILE_DIR)/Pods-DOORSTEP1-checkManifestLockResult.txt",
			);
			runOnlyForDeploymentPostprocessing = 0;
			shellPath = /bin/sh;
			shellScript = "diff \"${PODS_PODFILE_DIR_PATH}/Podfile.lock\" \"${PODS_ROOT}/Manifest.lock\" > /dev/null\nif [ $? != 0 ] ; then\n    # print error to STDERR\n    echo \"error: The sandbox is not in sync with the Podfile.lock. Run 'pod install' or update your CocoaPods installation.\" >&2\n    exit 1\nfi\n# This output is used by Xcode 'outputs' to avoid re-running this script phase.\necho \"SUCCESS\" > \"${SCRIPT_OUTPUT_FILE_0}\"\n";
			showEnvVarsInLog = 0;
		};
		FD10A7F022414F080027D42C /* Start Packager */ = {
			isa = PBXShellScriptBuildPhase;
			buildActionMask = 2147483647;
			files = (
			);
			inputFileListPaths = (
			);
			inputPaths = (
			);
			name = "Start Packager";
			outputFileListPaths = (
			);
			outputPaths = (
			);
			runOnlyForDeploymentPostprocessing = 0;
			shellPath = /bin/sh;
			shellScript = "export RCT_METRO_PORT=\"${RCT_METRO_PORT:=8081}\"\necho \"export RCT_METRO_PORT=${RCT_METRO_PORT}\" > \"${SRCROOT}/../node_modules/react-native/scripts/.packager.env\"\nif [ -z \"${RCT_NO_LAUNCH_PACKAGER+xxx}\" ] ; then\n  if nc -w 5 -z localhost ${RCT_METRO_PORT} ; then\n    if ! curl -s \"http://localhost:${RCT_METRO_PORT}/status\" | grep -q \"packager-status:running\" ; then\n      echo \"Port ${RCT_METRO_PORT} already in use, packager is either not running or not running correctly\"\n      exit 2\n    fi\n  else\n    open \"$SRCROOT/../node_modules/react-native/scripts/launchPackager.command\" || echo \"Can't start packager automatically\"\n  fi\nfi\n";
			showEnvVarsInLog = 0;
		};
/* End PBXShellScriptBuildPhase section */

/* Begin PBXSourcesBuildPhase section */
		00E356EA1AD99517003FC87E /* Sources */ = {
			isa = PBXSourcesBuildPhase;
			buildActionMask = 2147483647;
			files = (
				00E356F31AD99517003FC87E /* DOORSTEP1Tests.m in Sources */,
			);
			runOnlyForDeploymentPostprocessing = 0;
		};
		13B07F871A680F5B00A75B9A /* Sources */ = {
			isa = PBXSourcesBuildPhase;
			buildActionMask = 2147483647;
			files = (
				13B07FBC1A68108700A75B9A /* AppDelegate.m in Sources */,
				13B07FC11A68108700A75B9A /* main.m in Sources */,
			);
			runOnlyForDeploymentPostprocessing = 0;
		};
/* End PBXSourcesBuildPhase section */

/* Begin PBXTargetDependency section */
		00E356F51AD99517003FC87E /* PBXTargetDependency */ = {
			isa = PBXTargetDependency;
			target = 13B07F861A680F5B00A75B9A /* DOORSTEP1 */;
			targetProxy = 00E356F41AD99517003FC87E /* PBXContainerItemProxy */;
		};
/* End PBXTargetDependency section */

/* Begin XCBuildConfiguration section */
		00E356F61AD99517003FC87E /* Debug */ = {
			isa = XCBuildConfiguration;
			baseConfigurationReference = FD8C5E5EA940092FE02789A8 /* Pods-DOORSTEP1-DOORSTEP1Tests.debug.xcconfig */;
			buildSettings = {
				BUNDLE_LOADER = "$(TEST_HOST)";
				GCC_PREPROCESSOR_DEFINITIONS = (
					"DEBUG=1",
					"$(inherited)",
				);
				INFOPLIST_FILE = DOORSTEP1Tests/Info.plist;
				IPHONEOS_DEPLOYMENT_TARGET = 10.0;
				LD_RUNPATH_SEARCH_PATHS = (
					"$(inherited)",
					"@executable_path/Frameworks",
					"@loader_path/Frameworks",
				);
				OTHER_LDFLAGS = (
					"-ObjC",
					"-lc++",
					"$(inherited)",
				);
				PRODUCT_BUNDLE_IDENTIFIER = "org.reactjs.native.example.$(PRODUCT_NAME:rfc1034identifier)";
				PRODUCT_NAME = "$(TARGET_NAME)";
				TEST_HOST = "$(BUILT_PRODUCTS_DIR)/DOORSTEP1.app/DOORSTEP1";
			};
			name = Debug;
		};
		00E356F71AD99517003FC87E /* Release */ = {
			isa = XCBuildConfiguration;
			baseConfigurationReference = D3039435564E2CE09DC47B81 /* Pods-DOORSTEP1-DOORSTEP1Tests.release.xcconfig */;
			buildSettings = {
				BUNDLE_LOADER = "$(TEST_HOST)";
				COPY_PHASE_STRIP = NO;
				INFOPLIST_FILE = DOORSTEP1Tests/Info.plist;
				IPHONEOS_DEPLOYMENT_TARGET = 10.0;
				LD_RUNPATH_SEARCH_PATHS = (
					"$(inherited)",
					"@executable_path/Frameworks",
					"@loader_path/Frameworks",
				);
				OTHER_LDFLAGS = (
					"-ObjC",
					"-lc++",
					"$(inherited)",
				);
				PRODUCT_BUNDLE_IDENTIFIER = "org.reactjs.native.example.$(PRODUCT_NAME:rfc1034identifier)";
				PRODUCT_NAME = "$(TARGET_NAME)";
				TEST_HOST = "$(BUILT_PRODUCTS_DIR)/DOORSTEP1.app/DOORSTEP1";
			};
			name = Release;
		};
		13B07F941A680F5B00A75B9A /* Debug */ = {
			isa = XCBuildConfiguration;
			baseConfigurationReference = 52306FA8F1FC2E2FD78FFB39 /* Pods-DOORSTEP1.debug.xcconfig */;
			buildSettings = {
				ASSETCATALOG_COMPILER_APPICON_NAME = AppIcon;
				CLANG_ENABLE_MODULES = YES;
				CURRENT_PROJECT_VERSION = 1;
				ENABLE_BITCODE = NO;
				INFOPLIST_FILE = DOORSTEP1/Info.plist;
				LD_RUNPATH_SEARCH_PATHS = (
					"$(inherited)",
					"@executable_path/Frameworks",
				);
				OTHER_LDFLAGS = (
					"$(inherited)",
					"-ObjC",
					"-lc++",
				);
				PRODUCT_BUNDLE_IDENTIFIER = "org.reactjs.native.example.$(PRODUCT_NAME:rfc1034identifier)";
				PRODUCT_NAME = DOORSTEP1;
				SWIFT_OPTIMIZATION_LEVEL = "-Onone";
				SWIFT_VERSION = 5.0;
				VERSIONING_SYSTEM = "apple-generic";
			};
			name = Debug;
		};
		13B07F951A680F5B00A75B9A /* Release */ = {
			isa = XCBuildConfiguration;
			baseConfigurationReference = D6A505D18225A2171B103FDA /* Pods-DOORSTEP1.release.xcconfig */;
			buildSettings = {
				ASSETCATALOG_COMPILER_APPICON_NAME = AppIcon;
				CLANG_ENABLE_MODULES = YES;
				CURRENT_PROJECT_VERSION = 1;
				INFOPLIST_FILE = DOORSTEP1/Info.plist;
				LD_RUNPATH_SEARCH_PATHS = (
					"$(inherited)",
					"@executable_path/Frameworks",
				);
				OTHER_LDFLAGS = (
					"$(inherited)",
					"-ObjC",
					"-lc++",
				);
				PRODUCT_BUNDLE_IDENTIFIER = "org.reactjs.native.example.$(PRODUCT_NAME:rfc1034identifier)";
				PRODUCT_NAME = DOORSTEP1;
				SWIFT_VERSION = 5.0;
				VERSIONING_SYSTEM = "apple-generic";
			};
			name = Release;
		};
		83CBBA201A601CBA00E9B192 /* Debug */ = {
			isa = XCBuildConfiguration;
			buildSettings = {
				ALWAYS_SEARCH_USER_PATHS = NO;
				CLANG_ANALYZER_LOCALIZABILITY_NONLOCALIZED = YES;
				CLANG_CXX_LANGUAGE_STANDARD = "gnu++0x";
				CLANG_CXX_LIBRARY = "libc++";
				CLANG_ENABLE_MODULES = YES;
				CLANG_ENABLE_OBJC_ARC = YES;
				CLANG_WARN_BLOCK_CAPTURE_AUTORELEASING = YES;
				CLANG_WARN_BOOL_CONVERSION = YES;
				CLANG_WARN_COMMA = YES;
				CLANG_WARN_CONSTANT_CONVERSION = YES;
				CLANG_WARN_DEPRECATED_OBJC_IMPLEMENTATIONS = YES;
				CLANG_WARN_DIRECT_OBJC_ISA_USAGE = YES_ERROR;
				CLANG_WARN_EMPTY_BODY = YES;
				CLANG_WARN_ENUM_CONVERSION = YES;
				CLANG_WARN_INFINITE_RECURSION = YES;
				CLANG_WARN_INT_CONVERSION = YES;
				CLANG_WARN_NON_LITERAL_NULL_CONVERSION = YES;
				CLANG_WARN_OBJC_IMPLICIT_RETAIN_SELF = YES;
				CLANG_WARN_OBJC_LITERAL_CONVERSION = YES;
				CLANG_WARN_OBJC_ROOT_CLASS = YES_ERROR;
				CLANG_WARN_QUOTED_INCLUDE_IN_FRAMEWORK_HEADER = YES;
				CLANG_WARN_RANGE_LOOP_ANALYSIS = YES;
				CLANG_WARN_STRICT_PROTOTYPES = YES;
				CLANG_WARN_SUSPICIOUS_MOVE = YES;
				CLANG_WARN_UNREACHABLE_CODE = YES;
				CLANG_WARN__DUPLICATE_METHOD_MATCH = YES;
				"CODE_SIGN_IDENTITY[sdk=iphoneos*]" = "iPhone Developer";
				COPY_PHASE_STRIP = NO;
				ENABLE_STRICT_OBJC_MSGSEND = YES;
				ENABLE_TESTABILITY = YES;
				"EXCLUDED_ARCHS[sdk=iphonesimulator*]" = "arm64 ";
				GCC_C_LANGUAGE_STANDARD = gnu99;
				GCC_DYNAMIC_NO_PIC = NO;
				GCC_NO_COMMON_BLOCKS = YES;
				GCC_OPTIMIZATION_LEVEL = 0;
				GCC_PREPROCESSOR_DEFINITIONS = (
					"DEBUG=1",
					"$(inherited)",
				);
				GCC_SYMBOLS_PRIVATE_EXTERN = NO;
				GCC_WARN_64_TO_32_BIT_CONVERSION = YES;
				GCC_WARN_ABOUT_RETURN_TYPE = YES_ERROR;
				GCC_WARN_UNDECLARED_SELECTOR = YES;
				GCC_WARN_UNINITIALIZED_AUTOS = YES_AGGRESSIVE;
				GCC_WARN_UNUSED_FUNCTION = YES;
				GCC_WARN_UNUSED_VARIABLE = YES;
				IPHONEOS_DEPLOYMENT_TARGET = 10.0;
				LD_RUNPATH_SEARCH_PATHS = (
					/usr/lib/swift,
					"$(inherited)",
				);
				LIBRARY_SEARCH_PATHS = (
					"\"$(TOOLCHAIN_DIR)/usr/lib/swift/$(PLATFORM_NAME)\"",
					"\"$(TOOLCHAIN_DIR)/usr/lib/swift-5.0/$(PLATFORM_NAME)\"",
					"\"$(inherited)\"",
				);
				MTL_ENABLE_DEBUG_INFO = YES;
				ONLY_ACTIVE_ARCH = YES;
				SDKROOT = iphoneos;
			};
			name = Debug;
		};
		83CBBA211A601CBA00E9B192 /* Release */ = {
			isa = XCBuildConfiguration;
			buildSettings = {
				ALWAYS_SEARCH_USER_PATHS = NO;
				CLANG_ANALYZER_LOCALIZABILITY_NONLOCALIZED = YES;
				CLANG_CXX_LANGUAGE_STANDARD = "gnu++0x";
				CLANG_CXX_LIBRARY = "libc++";
				CLANG_ENABLE_MODULES = YES;
				CLANG_ENABLE_OBJC_ARC = YES;
				CLANG_WARN_BLOCK_CAPTURE_AUTORELEASING = YES;
				CLANG_WARN_BOOL_CONVERSION = YES;
				CLANG_WARN_COMMA = YES;
				CLANG_WARN_CONSTANT_CONVERSION = YES;
				CLANG_WARN_DEPRECATED_OBJC_IMPLEMENTATIONS = YES;
				CLANG_WARN_DIRECT_OBJC_ISA_USAGE = YES_ERROR;
				CLANG_WARN_EMPTY_BODY = YES;
				CLANG_WARN_ENUM_CONVERSION = YES;
				CLANG_WARN_INFINITE_RECURSION = YES;
				CLANG_WARN_INT_CONVERSION = YES;
				CLANG_WARN_NON_LITERAL_NULL_CONVERSION = YES;
				CLANG_WARN_OBJC_IMPLICIT_RETAIN_SELF = YES;
				CLANG_WARN_OBJC_LITERAL_CONVERSION = YES;
				CLANG_WARN_OBJC_ROOT_CLASS = YES_ERROR;
				CLANG_WARN_QUOTED_INCLUDE_IN_FRAMEWORK_HEADER = YES;
				CLANG_WARN_RANGE_LOOP_ANALYSIS = YES;
				CLANG_WARN_STRICT_PROTOTYPES = YES;
				CLANG_WARN_SUSPICIOUS_MOVE = YES;
				CLANG_WARN_UNREACHABLE_CODE = YES;
				CLANG_WARN__DUPLICATE_METHOD_MATCH = YES;
				"CODE_SIGN_IDENTITY[sdk=iphoneos*]" = "iPhone Developer";
				COPY_PHASE_STRIP = YES;
				ENABLE_NS_ASSERTIONS = NO;
				ENABLE_STRICT_OBJC_MSGSEND = YES;
				"EXCLUDED_ARCHS[sdk=iphonesimulator*]" = "arm64 ";
				GCC_C_LANGUAGE_STANDARD = gnu99;
				GCC_NO_COMMON_BLOCKS = YES;
				GCC_WARN_64_TO_32_BIT_CONVERSION = YES;
				GCC_WARN_ABOUT_RETURN_TYPE = YES_ERROR;
				GCC_WARN_UNDECLARED_SELECTOR = YES;
				GCC_WARN_UNINITIALIZED_AUTOS = YES_AGGRESSIVE;
				GCC_WARN_UNUSED_FUNCTION = YES;
				GCC_WARN_UNUSED_VARIABLE = YES;
				IPHONEOS_DEPLOYMENT_TARGET = 10.0;
				LD_RUNPATH_SEARCH_PATHS = (
					/usr/lib/swift,
					"$(inherited)",
				);
				LIBRARY_SEARCH_PATHS = (
					"\"$(TOOLCHAIN_DIR)/usr/lib/swift/$(PLATFORM_NAME)\"",
					"\"$(TOOLCHAIN_DIR)/usr/lib/swift-5.0/$(PLATFORM_NAME)\"",
					"\"$(inherited)\"",
				);
				MTL_ENABLE_DEBUG_INFO = NO;
				SDKROOT = iphoneos;
				VALIDATE_PRODUCT = YES;
			};
			name = Release;
		};
/* End XCBuildConfiguration section */

/* Begin XCConfigurationList section */
		00E357021AD99517003FC87E /* Build configuration list for PBXNativeTarget "DOORSTEP1Tests" */ = {
			isa = XCConfigurationList;
			buildConfigurations = (
				00E356F61AD99517003FC87E /* Debug */,
				00E356F71AD99517003FC87E /* Release */,
			);
			defaultConfigurationIsVisible = 0;
			defaultConfigurationName = Release;
		};
		13B07F931A680F5B00A75B9A /* Build configuration list for PBXNativeTarget "DOORSTEP1" */ = {
			isa = XCConfigurationList;
			buildConfigurations = (
				13B07F941A680F5B00A75B9A /* Debug */,
				13B07F951A680F5B00A75B9A /* Release */,
			);
			defaultConfigurationIsVisible = 0;
			defaultConfigurationName = Release;
		};
		83CBB9FA1A601CBA00E9B192 /* Build configuration list for PBXProject "DOORSTEP1" */ = {
			isa = XCConfigurationList;
			buildConfigurations = (
				83CBBA201A601CBA00E9B192 /* Debug */,
				83CBBA211A601CBA00E9B192 /* Release */,
			);
			defaultConfigurationIsVisible = 0;
			defaultConfigurationName = Release;
		};
/* End XCConfigurationList section */
	};
	rootObject = 83CBB9F71A601CBA00E9B192 /* Project object */;
}
